
Microsoft Visual Studio Solution File, Format Version 12.00
# Visual Studio 15
VisualStudioVersion = 15.0.27004.2005
MinimumVisualStudioVersion = 10.0.40219.1
Project("{FAE04EC0-301F-11D3-BF4B-00C04F79EFBC}") = "AutomationTest.MX", "AutomationTest.MX\AutomationTest.MX.csproj", "{55B7B6E9-2E92-441F-AA89-42C9AC0E2EAE}"
EndProject
Project("{FAE04EC0-301F-11D3-BF4B-00C04F79EFBC}") = "AutomationTest.WorkFlow", "AutomationTest.WorkFlow\AutomationTest.WorkFlow.csproj", "{671A0564-E782-474B-8B34-9EE0A6284C58}"
EndProject
Global
	GlobalSection(SolutionConfigurationPlatforms) = preSolution
		Debug|Any CPU = Debug|Any CPU
		Release|Any CPU = Release|Any CPU
	EndGlobalSection
	GlobalSection(ProjectConfigurationPlatforms) = postSolution
		{55B7B6E9-2E92-441F-AA89-42C9AC0E2EAE}.Debug|Any CPU.ActiveCfg = Debug|Any CPU
		{55B7B6E9-2E92-441F-AA89-42C9AC0E2EAE}.Debug|Any CPU.Build.0 = Debug|Any CPU
		{55B7B6E9-2E92-441F-AA89-42C9AC0E2EAE}.Release|Any CPU.ActiveCfg = Release|Any CPU
		{55B7B6E9-2E92-441F-AA89-42C9AC0E2EAE}.Release|Any CPU.Build.0 = Release|Any CPU
		{671A0564-E782-474B-8B34-9EE0A6284C58}.Debug|Any CPU.ActiveCfg = Debug|Any CPU
		{671A0564-E782-474B-8B34-9EE0A6284C58}.Debug|Any CPU.Build.0 = Debug|Any CPU
		{671A0564-E782-474B-8B34-9EE0A6284C58}.Release|Any CPU.ActiveCfg = Release|Any CPU
		{671A0564-E782-474B-8B34-9EE0A6284C58}.Release|Any CPU.Build.0 = Release|Any CPU
	EndGlobalSection
	GlobalSection(SolutionProperties) = preSolution
		HideSolutionNode = FALSE
	EndGlobalSection
	GlobalSection(ExtensibilityGlobals) = postSolution
		SolutionGuid = {845B1C4E-5137-44C2-B777-9360F1DB946A}
	EndGlobalSection
EndGlobal
